
Microsoft Visual Studio Solution File, Format Version 12.00
# Visual Studio Version 16
VisualStudioVersion = 16.0.29306.81
MinimumVisualStudioVersion = 10.0.40219.1
Project("{FAE04EC0-301F-11D3-BF4B-00C04F79EFBC}") = "SCENA_CONVERTER", "SCENA_CONVERTER\SCENA_CONVERTER.csproj", "{17E22A34-AA9F-4F96-A63B-D5BF5C17C3CA}"
EndProject
Global
	GlobalSection(SolutionConfigurationPlatforms) = preSolution
		Debug|Any CPU = Debug|Any CPU
		Release|Any CPU = Release|Any CPU
	EndGlobalSection
	GlobalSection(ProjectConfigurationPlatforms) = postSolution
		{17E22A34-AA9F-4F96-A63B-D5BF5C17C3CA}.Debug|Any CPU.ActiveCfg = Debug|Any CPU
		{17E22A34-AA9F-4F96-A63B-D5BF5C17C3CA}.Debug|Any CPU.Build.0 = Debug|Any CPU
		{17E22A34-AA9F-4F96-A63B-D5BF5C17C3CA}.Release|Any CPU.ActiveCfg = Release|Any CPU
		{17E22A34-AA9F-4F96-A63B-D5BF5C17C3CA}.Release|Any CPU.Build.0 = Release|Any CPU
	EndGlobalSection
	GlobalSection(SolutionProperties) = preSolution
		HideSolutionNode = FALSE
	EndGlobalSection
	GlobalSection(ExtensibilityGlobals) = postSolution
		SolutionGuid = {EE212D49-43F9-4CFD-A706-7D0B614E6954}
	EndGlobalSection
EndGlobal
